
Microsoft Visual Studio Solution File, Format Version 12.00
# Visual Studio 15
VisualStudioVersion = 15.0.27004.2009
MinimumVisualStudioVersion = 10.0.40219.1
Project("{FAE04EC0-301F-11D3-BF4B-00C04F79EFBC}") = "Spring.Surging", "Spring.Surging\Spring.Surging.csproj", "{2F7EF425-FE07-4479-9060-5379F08547EF}"
EndProject
Global
	GlobalSection(SolutionConfigurationPlatforms) = preSolution
		Debug|Any CPU = Debug|Any CPU
		Release|Any CPU = Release|Any CPU
	EndGlobalSection
	GlobalSection(ProjectConfigurationPlatforms) = postSolution
		{2F7EF425-FE07-4479-9060-5379F08547EF}.Debug|Any CPU.ActiveCfg = Debug|Any CPU
		{2F7EF425-FE07-4479-9060-5379F08547EF}.Debug|Any CPU.Build.0 = Debug|Any CPU
		{2F7EF425-FE07-4479-9060-5379F08547EF}.Release|Any CPU.ActiveCfg = Release|Any CPU
		{2F7EF425-FE07-4479-9060-5379F08547EF}.Release|Any CPU.Build.0 = Release|Any CPU
	EndGlobalSection
	GlobalSection(SolutionProperties) = preSolution
		HideSolutionNode = FALSE
	EndGlobalSection
	GlobalSection(ExtensibilityGlobals) = postSolution
		SolutionGuid = {E259B86B-00E1-4AA4-8CBE-C144C2F0504C}
	EndGlobalSection
EndGlobal
